// !$*UTF8*$!
{
	archiveVersion = 1;
	classes = {
	};
	objectVersion = 70;
	objects = {

/* Begin PBXBuildFile section */
		B1B1B1B1B1B1B1B1B1B1B103 /* PhotoTextScanApp.swift in Sources */ = {isa = PBXBuildFile; fileRef = B1B1B1B1B1B1B1B1B1B1B102 /* PhotoTextScanApp.swift */; };
		B1B1B1B1B1B1B1B1B1B1B105 /* ContentView.swift in Sources */ = {isa = PBXBuildFile; fileRef = B1B1B1B1B1B1B1B1B1B1B104 /* ContentView.swift */; };
		B1B1B1B1B1B1B1B1B1B1B107 /* OCRResult.swift in Sources */ = {isa = PBXBuildFile; fileRef = B1B1B1B1B1B1B1B1B1B1B106 /* OCRResult.swift */; };
		B1B1B1B1B1B1B1B1B1B1B109 /* OCRViewModel.swift in Sources */ = {isa = PBXBuildFile; fileRef = B1B1B1B1B1B1B1B1B1B1B108 /* OCRViewModel.swift */; };
		B1B1B1B1B1B1B1B1B1B1B10B /* PhotoGridView.swift in Sources */ = {isa = PBXBuildFile; fileRef = B1B1B1B1B1B1B1B1B1B1B10A /* PhotoGridView.swift */; };
		B1B1B1B1B1B1B1B1B1B1B10D /* TextResultView.swift in Sources */ = {isa = PBXBuildFile; fileRef = B1B1B1B1B1B1B1B1B1B1B10C /* TextResultView.swift */; };
		B1B1B1B1B1B1B1B1B1B1B10F /* ResultDetailView.swift in Sources */ = {isa = PBXBuildFile; fileRef = B1B1B1B1B1B1B1B1B1B1B10E /* ResultDetailView.swift */; };
		B1B1B1B1B1B1B1B1B1B1B112 /* Assets.xcassets in Resources */ = {isa = PBXBuildFile; fileRef = B1B1B1B1B1B1B1B1B1B1B111 /* Assets.xcassets */; };
/* End PBXBuildFile section */

/* Begin PBXFileReference section */
		B1B1B1B1B1B1B1B1B1B1B101 /* PhotoTextScan.app */ = {isa = PBXFileReference; explicitFileType = wrapper.application; includeInIndex = 0; path = PhotoTextScan.app; sourceTree = BUILT_PRODUCTS_DIR; };
		B1B1B1B1B1B1B1B1B1B1B102 /* PhotoTextScanApp.swift */ = {isa = PBXFileReference; lastKnownFileType = sourcecode.swift; path = PhotoTextScanApp.swift; sourceTree = "<group>"; };
		B1B1B1B1B1B1B1B1B1B1B104 /* ContentView.swift */ = {isa = PBXFileReference; lastKnownFileType = sourcecode.swift; path = ContentView.swift; sourceTree = "<group>"; };
		B1B1B1B1B1B1B1B1B1B1B106 /* OCRResult.swift */ = {isa = PBXFileReference; lastKnownFileType = sourcecode.swift; path = OCRResult.swift; sourceTree = "<group>"; };
		B1B1B1B1B1B1B1B1B1B1B108 /* OCRViewModel.swift */ = {isa = PBXFileReference; lastKnownFileType = sourcecode.swift; path = OCRViewModel.swift; sourceTree = "<group>"; };
		B1B1B1B1B1B1B1B1B1B1B10A /* PhotoGridView.swift */ = {isa = PBXFileReference; lastKnownFileType = sourcecode.swift; path = PhotoGridView.swift; sourceTree = "<group>"; };
		B1B1B1B1B1B1B1B1B1B1B10C /* TextResultView.swift */ = {isa = PBXFileReference; lastKnownFileType = sourcecode.swift; path = TextResultView.swift; sourceTree = "<group>"; };
		B1B1B1B1B1B1B1B1B1B1B10E /* ResultDetailView.swift */ = {isa = PBXFileReference; lastKnownFileType = sourcecode.swift; path = ResultDetailView.swift; sourceTree = "<group>"; };
		B1B1B1B1B1B1B1B1B1B1B110 /* Info.plist */ = {isa = PBXFileReference; lastKnownFileType = text.plist.xml; path = Info.plist; sourceTree = "<group>"; };
		B1B1B1B1B1B1B1B1B1B1B111 /* Assets.xcassets */ = {isa = PBXFileReference; lastKnownFileType = folder.assetcatalog; path = Assets.xcassets; sourceTree = "<group>"; };
/* End PBXFileReference section */

/* Begin PBXFrameworksBuildPhase section */
		A1A1A1A1A1A1A1A1A1A1A105 /* Frameworks */ = {
			isa = PBXFrameworksBuildPhase;
			buildActionMask = 2147483647;
			files = (
			);
			runOnlyForDeploymentPostprocessing = 0;
		};
/* End PBXFrameworksBuildPhase section */

/* Begin PBXGroup section */
		A1A1A1A1A1A1A1A1A1A1A103 /* = */ = {
			isa = PBXGroup;
			children = (
				A1A1A1A1A1A1A1A1A1A1A10E /* PhotoTextScan */,
				A1A1A1A1A1A1A1A1A1A1A102 /* Products */,
			);
			sourceTree = "<group>";
		};
		A1A1A1A1A1A1A1A1A1A1A102 /* Products */ = {
			isa = PBXGroup;
			children = (
				B1B1B1B1B1B1B1B1B1B1B101 /* PhotoTextScan.app */,
			);
			name = Products;
			sourceTree = "<group>";
		};
		A1A1A1A1A1A1A1A1A1A1A10E /* PhotoTextScan */ = {
			isa = PBXGroup;
			children = (
				B1B1B1B1B1B1B1B1B1B1B102 /* PhotoTextScanApp.swift */,
				B1B1B1B1B1B1B1B1B1B1B104 /* ContentView.swift */,
				A1A1A1A1A1A1A1A1A1A1A10F /* Models */,
				A1A1A1A1A1A1A1A1A1A110A0 /* ViewModels */,
				A1A1A1A1A1A1A1A1A1A110B0 /* Views */,
				B1B1B1B1B1B1B1B1B1B1B111 /* Assets.xcassets */,
				B1B1B1B1B1B1B1B1B1B1B110 /* Info.plist */,
			);
			path = PhotoTextScan;
			sourceTree = "<group>";
		};
		A1A1A1A1A1A1A1A1A1A1A10F /* Models */ = {
			isa = PBXGroup;
			children = (
				B1B1B1B1B1B1B1B1B1B1B106 /* OCRResult.swift */,
			);
			path = Models;
			sourceTree = "<group>";
		};
		A1A1A1A1A1A1A1A1A1A110A0 /* ViewModels */ = {
			isa = PBXGroup;
			children = (
				B1B1B1B1B1B1B1B1B1B1B108 /* OCRViewModel.swift */,
			);
			path = ViewModels;
			sourceTree = "<group>";
		};
		A1A1A1A1A1A1A1A1A1A110B0 /* Views */ = {
			isa = PBXGroup;
			children = (
				B1B1B1B1B1B1B1B1B1B1B10A /* PhotoGridView.swift */,
				B1B1B1B1B1B1B1B1B1B1B10C /* TextResultView.swift */,
				B1B1B1B1B1B1B1B1B1B1B10E /* ResultDetailView.swift */,
			);
			path = Views;
			sourceTree = "<group>";
		};
/* End PBXGroup section */

/* Begin PBXNativeTarget section */
		A1A1A1A1A1A1A1A1A1A1A101 /* PhotoTextScan */ = {
			isa = PBXNativeTarget;
			buildConfigurationList = A1A1A1A1A1A1A1A1A1A1A10A /* Build configuration list for PBXNativeTarget "PhotoTextScan" */;
			buildPhases = (
				A1A1A1A1A1A1A1A1A1A1A104 /* Sources */,
				A1A1A1A1A1A1A1A1A1A1A105 /* Frameworks */,
				A1A1A1A1A1A1A1A1A1A1A106 /* Resources */,
			);
			buildRules = (
			);
			dependencies = (
			);
			name = PhotoTextScan;
			productName = PhotoTextScan;
			productReference = B1B1B1B1B1B1B1B1B1B1B101 /* PhotoTextScan.app */;
			productType = "com.apple.product-type.application";
		};
/* End PBXNativeTarget section */

/* Begin PBXProject section */
		A1A1A1A1A1A1A1A1A1A1A107 /* Project object */ = {
			isa = PBXProject;
			attributes = {
				LastSwiftUpdateCheck = 1600;
				LastUpgradeCheck = 1600;
				TargetAttributes = {
					A1A1A1A1A1A1A1A1A1A1A101 = {
						CreatedOnToolsVersion = 16.0;
					};
				};
			};
			buildConfigurationList = A1A1A1A1A1A1A1A1A1A1A10D /* Build configuration list for PBXProject "PhotoTextScan" */;
			compatibilityVersion = "Xcode 9.3";
			developmentRegion = en;
			hasScannedForEncodings = 0;
			knownRegions = (
				en,
				Base,
				ja,
			);
			mainGroup = A1A1A1A1A1A1A1A1A1A1A103;
			productRefGroup = A1A1A1A1A1A1A1A1A1A1A102 /* Products */;
			projectDirPath = "";
			projectRoot = "";
			targets = (
				A1A1A1A1A1A1A1A1A1A1A101 /* PhotoTextScan */,
			);
		};
/* End PBXProject section */

/* Begin PBXResourcesBuildPhase section */
		A1A1A1A1A1A1A1A1A1A1A106 /* Resources */ = {
			isa = PBXResourcesBuildPhase;
			buildActionMask = 2147483647;
			files = (
				B1B1B1B1B1B1B1B1B1B1B112 /* Assets.xcassets in Resources */,
			);
			runOnlyForDeploymentPostprocessing = 0;
		};
/* End PBXResourcesBuildPhase section */

/* Begin PBXSourcesBuildPhase section */
		A1A1A1A1A1A1A1A1A1A1A104 /* Sources */ = {
			isa = PBXSourcesBuildPhase;
			buildActionMask = 2147483647;
			files = (
				B1B1B1B1B1B1B1B1B1B1B103 /* PhotoTextScanApp.swift in Sources */,
				B1B1B1B1B1B1B1B1B1B1B105 /* ContentView.swift in Sources */,
				B1B1B1B1B1B1B1B1B1B1B107 /* OCRResult.swift in Sources */,
				B1B1B1B1B1B1B1B1B1B1B109 /* OCRViewModel.swift in Sources */,
				B1B1B1B1B1B1B1B1B1B1B10B /* PhotoGridView.swift in Sources */,
				B1B1B1B1B1B1B1B1B1B1B10D /* TextResultView.swift in Sources */,
				B1B1B1B1B1B1B1B1B1B1B10F /* ResultDetailView.swift in Sources */,
			);
			runOnlyForDeploymentPostprocessing = 0;
		};
/* End PBXSourcesBuildPhase section */

/* Begin XCBuildConfiguration section */
		A1A1A1A1A1A1A1A1A1A1A108 /* Debug */ = {
			isa = XCBuildConfiguration;
			buildSettings = {
				ASSETCATALOG_COMPILER_APPICON_NAME = AppIcon;
				ASSETCATALOG_COMPILER_GENERATE_SWIFT_ASSET_SYMBOL_EXTENSIONS = YES;
				ASSETCATALOG_COMPILER_GLOBAL_ACCENT_COLOR_NAME = AccentColor;
				CODE_SIGN_IDENTITY = "Apple Development";
				CODE_SIGN_STYLE = Automatic;
				CURRENT_PROJECT_VERSION = 1;
				ENABLE_PREVIEWS = YES;
				INFOPLIST_FILE = PhotoTextScan/Info.plist;
				IPHONEOS_DEPLOYMENT_TARGET = 17.0;
				LD_RUNPATH_SEARCH_PATHS = (
					"$(inherited)",
					"@executable_path/Frameworks",
				);
				MARKETING_VERSION = 1.0;
				PRODUCT_BUNDLE_IDENTIFIER = com.example.PhotoTextScan;
				PRODUCT_NAME = "$(TARGET_NAME)";
				SWIFT_VERSION = 5.0;
				TARGETED_DEVICE_FAMILY = "1,2";
			};
			name = Debug;
		};
		A1A1A1A1A1A1A1A1A1A1A109 /* Release */ = {
			isa = XCBuildConfiguration;
			buildSettings = {
				ASSETCATALOG_COMPILER_APPICON_NAME = AppIcon;
				ASSETCATALOG_COMPILER_GENERATE_SWIFT_ASSET_SYMBOL_EXTENSIONS = YES;
				ASSETCATALOG_COMPILER_GLOBAL_ACCENT_COLOR_NAME = AccentColor;
				CODE_SIGN_IDENTITY = "Apple Development";
				CODE_SIGN_STYLE = Automatic;
				CURRENT_PROJECT_VERSION = 1;
				ENABLE_PREVIEWS = YES;
				INFOPLIST_FILE = PhotoTextScan/Info.plist;
				IPHONEOS_DEPLOYMENT_TARGET = 17.0;
				LD_RUNPATH_SEARCH_PATHS = (
					"$(inherited)",
					"@executable_path/Frameworks",
				);
				MARKETING_VERSION = 1.0;
				PRODUCT_BUNDLE_IDENTIFIER = com.example.PhotoTextScan;
				PRODUCT_NAME = "$(TARGET_NAME)";
				SWIFT_COMPILATION_MODE = wholemodule;
				SWIFT_VERSION = 5.0;
				TARGETED_DEVICE_FAMILY = "1,2";
			};
			name = Release;
		};
		A1A1A1A1A1A1A1A1A1A1A10B /* Debug */ = {
			isa = XCBuildConfiguration;
			buildSettings = {
				ALWAYS_SEARCH_USER_PATHS = NO;
				CLANG_ANALYZER_NONNULL = YES;
				CLANG_ANALYZER_NUMBER_OBJECT_CONVERSION = YES_AGGRESSIVE;
				CLANG_CXX_LANGUAGE_STANDARD = "gnu++20";
				CLANG_ENABLE_MODULES = YES;
				CLANG_ENABLE_OBJC_ARC = YES;
				CLANG_ENABLE_OBJC_WEAK = YES;
				CLANG_WARN_BLOCK_CAPTURE_AUTORELEASING = YES;
				CLANG_WARN_BOOL_CONVERSION = YES;
				CLANG_WARN_COMMA = YES;
				CLANG_WARN_CONSTANT_CONVERSION = YES;
				CLANG_WARN_DEPRECATED_OBJC_IMPLEMENTATIONS = YES;
				CLANG_WARN_DIRECT_OBJC_ISA_USAGE = YES_ERROR;
				CLANG_WARN_DOCUMENTATION_COMMENTS = YES;
				CLANG_WARN_EMPTY_BODY = YES;
				CLANG_WARN_ENUM_CONVERSION = YES;
				CLANG_WARN_INFINITE_RECURSION = YES;
				CLANG_WARN_INT_CONVERSION = YES;
				CLANG_WARN_NON_LITERAL_NULL_CONVERSION = YES;
				CLANG_WARN_OBJC_IMPLICIT_RETAIN_CYCLE = YES;
				CLANG_WARN_OBJC_LITERAL_CONVERSION = YES;
				CLANG_WARN_OBJC_ROOT_CLASS = YES_ERROR;
				CLANG_WARN_QUOTED_INCLUDE_IN_FRAMEWORK_HEADER = YES;
				CLANG_WARN_RANGE_LOOP_ANALYSIS = YES;
				CLANG_WARN_STRICT_PROTOTYPES = YES;
				CLANG_WARN_SUSPICIOUS_MOVE = YES;
				CLANG_WARN_UNGUARDED_AVAILABILITY = YES_AGGRESSIVE;
				CLANG_WARN_UNREACHABLE_CODE = YES;
				CLANG_WARN__DUPLICATE_METHOD_MATCH = YES;
				COPY_PHASE_STRIP = NO;
				DEBUG_INFORMATION_FORMAT = dwarf;
				ENABLE_STRICT_OBJC_MSGSEND = YES;
				ENABLE_TESTABILITY = YES;
				GCC_C_LANGUAGE_STANDARD = gnu17;
				GCC_DYNAMIC_NO_PIC = NO;
				GCC_NO_COMMON_BLOCKS = YES;
				GCC_OPTIMIZATION_LEVEL = 0;
				GCC_PREPROCESSOR_DEFINITIONS = (
					"DEBUG=1",
					"$(inherited)",
				);
				GCC_WARN_64_TO_32_BIT_CONVERSION = YES;
				GCC_WARN_ABOUT_RETURN_TYPE = YES_ERROR;
				GCC_WARN_UNDECLARED_SELECTOR = YES;
				GCC_WARN_UNINITIALIZED_AUTOS = YES_AGGRESSIVE;
				GCC_WARN_UNUSED_FUNCTION = YES;
				GCC_WARN_UNUSED_VARIABLE = YES;
				IPHONEOS_DEPLOYMENT_TARGET = 17.0;
				MTL_ENABLE_DEBUG_INFO = INCLUDE_SOURCE;
				MTL_FAST_MATH = YES;
				ONLY_ACTIVE_ARCH = YES;
				SDKROOT = iphoneos;
				SWIFT_ACTIVE_COMPILATION_CONDITIONS = DEBUG;
				SWIFT_OPTIMIZATION_LEVEL = "-Onone";
			};
			name = Debug;
		};
		A1A1A1A1A1A1A1A1A1A1A10C /* Release */ = {
			isa = XCBuildConfiguration;
			buildSettings = {
				ALWAYS_SEARCH_USER_PATHS = NO;
				CLANG_ANALYZER_NONNULL = YES;
				CLANG_ANALYZER_NUMBER_OBJECT_CONVERSION = YES_AGGRESSIVE;
				CLANG_CXX_LANGUAGE_STANDARD = "gnu++20";
				CLANG_ENABLE_MODULES = YES;
				CLANG_ENABLE_OBJC_ARC = YES;
				CLANG_ENABLE_OBJC_WEAK = YES;
				CLANG_WARN_BLOCK_CAPTURE_AUTORELEASING = YES;
				CLANG_WARN_BOOL_CONVERSION = YES;
				CLANG_WARN_COMMA = YES;
				CLANG_WARN_CONSTANT_CONVERSION = YES;
				CLANG_WARN_DEPRECATED_OBJC_IMPLEMENTATIONS = YES;
				CLANG_WARN_DIRECT_OBJC_ISA_USAGE = YES_ERROR;
				CLANG_WARN_DOCUMENTATION_COMMENTS = YES;
				CLANG_WARN_EMPTY_BODY = YES;
				CLANG_WARN_ENUM_CONVERSION = YES;
				CLANG_WARN_INFINITE_RECURSION = YES;
				CLANG_WARN_INT_CONVERSION = YES;
				CLANG_WARN_NON_LITERAL_NULL_CONVERSION = YES;
				CLANG_WARN_OBJC_IMPLICIT_RETAIN_CYCLE = YES;
				CLANG_WARN_OBJC_LITERAL_CONVERSION = YES;
				CLANG_WARN_OBJC_ROOT_CLASS = YES_ERROR;
				CLANG_WARN_QUOTED_INCLUDE_IN_FRAMEWORK_HEADER = YES;
				CLANG_WARN_RANGE_LOOP_ANALYSIS = YES;
				CLANG_WARN_STRICT_PROTOTYPES = YES;
				CLANG_WARN_SUSPICIOUS_MOVE = YES;
				CLANG_WARN_UNGUARDED_AVAILABILITY = YES_AGGRESSIVE;
				CLANG_WARN_UNREACHABLE_CODE = YES;
				CLANG_WARN__DUPLICATE_METHOD_MATCH = YES;
				COPY_PHASE_STRIP = NO;
				DEBUG_INFORMATION_FORMAT = "dwarf-with-dsym";
				ENABLE_NS_ASSERTIONS = NO;
				ENABLE_STRICT_OBJC_MSGSEND = YES;
				GCC_C_LANGUAGE_STANDARD = gnu17;
				GCC_NO_COMMON_BLOCKS = YES;
				GCC_WARN_64_TO_32_BIT_CONVERSION = YES;
				GCC_WARN_ABOUT_RETURN_TYPE = YES_ERROR;
				GCC_WARN_UNDECLARED_SELECTOR = YES;
				GCC_WARN_UNINITIALIZED_AUTOS = YES_AGGRESSIVE;
				GCC_WARN_UNUSED_FUNCTION = YES;
				GCC_WARN_UNUSED_VARIABLE = YES;
				IPHONEOS_DEPLOYMENT_TARGET = 17.0;
				MTL_FAST_MATH = YES;
				SDKROOT = iphoneos;
				SWIFT_COMPILATION_MODE = wholemodule;
				VALIDATE_PRODUCT = YES;
			};
			name = Release;
		};
/* End XCBuildConfiguration section */

/* Begin XCConfigurationList section */
		A1A1A1A1A1A1A1A1A1A1A10A /* Build configuration list for PBXNativeTarget "PhotoTextScan" */ = {
			isa = XCConfigurationList;
			buildConfigurations = (
				A1A1A1A1A1A1A1A1A1A1A108 /* Debug */,
				A1A1A1A1A1A1A1A1A1A1A109 /* Release */,
			);
			defaultConfigurationIsVisible = 0;
			defaultConfigurationName = Release;
		};
		A1A1A1A1A1A1A1A1A1A1A10D /* Build configuration list for PBXProject "PhotoTextScan" */ = {
			isa = XCConfigurationList;
			buildConfigurations = (
				A1A1A1A1A1A1A1A1A1A1A10B /* Debug */,
				A1A1A1A1A1A1A1A1A1A1A10C /* Release */,
			);
			defaultConfigurationIsVisible = 0;
			defaultConfigurationName = Release;
		};
/* End XCConfigurationList section */

	};
	rootObject = A1A1A1A1A1A1A1A1A1A1A107 /* Project object */;
}
